// !$*UTF8*$!
{
	archiveVersion = 1;
	classes = {
	};
	objectVersion = 46;
	objects = {

/* Begin PBXBuildFile section */
		0B4B7A641C2EAC6100252EB0 /* frag.glsl in CopyFiles */ = {isa = PBXBuildFile; fileRef = 0B4EB8321C0788FE0086BDD9 /* frag.glsl */; };
		0B4B7A651C2EAC6100252EB0 /* geo.glsl in CopyFiles */ = {isa = PBXBuildFile; fileRef = 0B4EB8331C0788FE0086BDD9 /* geo.glsl */; };
		0B4B7A661C2EAC6100252EB0 /* tess_control.glsl in CopyFiles */ = {isa = PBXBuildFile; fileRef = 0B4EB8341C0788FE0086BDD9 /* tess_control.glsl */; };
		0B4B7A671C2EAC6100252EB0 /* tess_eval.glsl in CopyFiles */ = {isa = PBXBuildFile; fileRef = 0B4EB8351C0788FE0086BDD9 /* tess_eval.glsl */; };
		0B4B7A681C2EAC6100252EB0 /* vert.glsl in CopyFiles */ = {isa = PBXBuildFile; fileRef = 0B4EB8361C0788FE0086BDD9 /* vert.glsl */; };
		0B4B7A6A1C2EAC8500252EB0 /* frag0.glsl in CopyFiles */ = {isa = PBXBuildFile; fileRef = 0B72F3591C27B95C00EC2F10 /* frag0.glsl */; };
		0B4B7A6B1C2EAC8500252EB0 /* frag1.glsl in CopyFiles */ = {isa = PBXBuildFile; fileRef = 0B72F35A1C27B95C00EC2F10 /* frag1.glsl */; };
		0B4B7A6C1C2EAC8A00252EB0 /* bad_syntax.glsl in CopyFiles */ = {isa = PBXBuildFile; fileRef = 0B4EB82E1C0788FE0086BDD9 /* bad_syntax.glsl */; };
		0B4B7A6E1C2EACAA00252EB0 /* frag.glsl in CopyFiles */ = {isa = PBXBuildFile; fileRef = 0B4EB8301C0788FE0086BDD9 /* frag.glsl */; };
		0B4B7A6F1C2EACAA00252EB0 /* geo.glsl in CopyFiles */ = {isa = PBXBuildFile; fileRef = 0B126F631C0D582C00F96CA0 /* geo.glsl */; };
		0B4B7A701C2EACAA00252EB0 /* vert.glsl in CopyFiles */ = {isa = PBXBuildFile; fileRef = 0B4EB8311C0788FE0086BDD9 /* vert.glsl */; };
		0B4B7A711C2EACAA00252EB0 /* tess_eval.glsl in CopyFiles */ = {isa = PBXBuildFile; fileRef = 0B126F641C0D587500F96CA0 /* tess_eval.glsl */; };
		0B4B7A721C2EACAA00252EB0 /* tess_control.glsl in CopyFiles */ = {isa = PBXBuildFile; fileRef = 0B126F651C0D588A00F96CA0 /* tess_control.glsl */; };
		0B4B7A751C2EACF600252EB0 /* zombie.png in CopyFiles */ = {isa = PBXBuildFile; fileRef = 0B4B7A741C2EACF300252EB0 /* zombie.png */; };
		0B4EB85E1C078DAB0086BDD9 /* buffer.cpp in Sources */ = {isa = PBXBuildFile; fileRef = 0B4EB7EE1C0788D40086BDD9 /* buffer.cpp */; };
		0B4EB85F1C078DAB0086BDD9 /* context.cpp in Sources */ = {isa = PBXBuildFile; fileRef = 0B4EB7F01C0788D40086BDD9 /* context.cpp */; };
		0B4EB8601C078DAB0086BDD9 /* enum.cpp in Sources */ = {isa = PBXBuildFile; fileRef = 0B4EB7F21C0788D40086BDD9 /* enum.cpp */; };
		0B4EB8611C078DAB0086BDD9 /* framebuffer.cpp in Sources */ = {isa = PBXBuildFile; fileRef = 0B4EB7F41C0788D40086BDD9 /* framebuffer.cpp */; };
		0B4EB8621C078DAB0086BDD9 /* generated_object.cpp in Sources */ = {isa = PBXBuildFile; fileRef = 0B4EB7F61C0788D40086BDD9 /* generated_object.cpp */; };
		0B4EB8631C078DAB0086BDD9 /* pipeline.cpp in Sources */ = {isa = PBXBuildFile; fileRef = 0B4EB7F81C0788D40086BDD9 /* pipeline.cpp */; };
		0B4EB8641C078DAB0086BDD9 /* program.cpp in Sources */ = {isa = PBXBuildFile; fileRef = 0B4EB7FA1C0788D40086BDD9 /* program.cpp */; };
		0B4EB8651C078DAB0086BDD9 /* query.cpp in Sources */ = {isa = PBXBuildFile; fileRef = 0B4EB7FC1C0788D40086BDD9 /* query.cpp */; };
		0B4EB8661C078DAB0086BDD9 /* renderbuffer.cpp in Sources */ = {isa = PBXBuildFile; fileRef = 0B4EB7FE1C0788D40086BDD9 /* renderbuffer.cpp */; };
		0B4EB8671C078DAB0086BDD9 /* sampler.cpp in Sources */ = {isa = PBXBuildFile; fileRef = 0B4EB8001C0788D40086BDD9 /* sampler.cpp */; };
		0B4EB8681C078DAB0086BDD9 /* shader.cpp in Sources */ = {isa = PBXBuildFile; fileRef = 0B4EB8021C0788D40086BDD9 /* shader.cpp */; };
		0B4EB8691C078DAB0086BDD9 /* texture.cpp in Sources */ = {isa = PBXBuildFile; fileRef = 0B4EB8041C0788D40086BDD9 /* texture.cpp */; };
		0B4EB86A1C078DAB0086BDD9 /* transform_feedback.cpp in Sources */ = {isa = PBXBuildFile; fileRef = 0B4EB8061C0788D40086BDD9 /* transform_feedback.cpp */; };
		0B4EB86B1C078DAB0086BDD9 /* uniform.cpp in Sources */ = {isa = PBXBuildFile; fileRef = 0B4EB8081C0788D40086BDD9 /* uniform.cpp */; };
		0B4EB86C1C078DAB0086BDD9 /* vertex_array.cpp in Sources */ = {isa = PBXBuildFile; fileRef = 0B4EB80B1C0788D40086BDD9 /* vertex_array.cpp */; };
		0B4EB86D1C078DAB0086BDD9 /* viewport.cpp in Sources */ = {isa = PBXBuildFile; fileRef = 0B4EB80D1C0788D40086BDD9 /* viewport.cpp */; };
		0B4EB86F1C078E150086BDD9 /* OpenGL.framework in Frameworks */ = {isa = PBXBuildFile; fileRef = 0B4EB86E1C078E150086BDD9 /* OpenGL.framework */; };
		0B4EB8701C078E280086BDD9 /* buffer.h in Headers */ = {isa = PBXBuildFile; fileRef = 0B4EB8101C0788F00086BDD9 /* buffer.h */; };
		0B4EB8711C078E280086BDD9 /* context.h in Headers */ = {isa = PBXBuildFile; fileRef = 0B4EB8111C0788F00086BDD9 /* context.h */; };
		0B4EB8721C078E280086BDD9 /* context_instantiations.inl in Headers */ = {isa = PBXBuildFile; fileRef = 0B4EB8121C0788F00086BDD9 /* context_instantiations.inl */; };
		0B4EB8731C078E280086BDD9 /* enum.h in Headers */ = {isa = PBXBuildFile; fileRef = 0B4EB8131C0788F00086BDD9 /* enum.h */; };
		0B4EB8741C078E280086BDD9 /* exception.h in Headers */ = {isa = PBXBuildFile; fileRef = 0B4EB8141C0788F00086BDD9 /* exception.h */; };
		0B4EB8751C078E280086BDD9 /* framebuffer.h in Headers */ = {isa = PBXBuildFile; fileRef = 0B4EB8151C0788F00086BDD9 /* framebuffer.h */; };
		0B4EB8761C078E280086BDD9 /* generated_object.h in Headers */ = {isa = PBXBuildFile; fileRef = 0B4EB8161C0788F00086BDD9 /* generated_object.h */; };
		0B4EB8771C078E280086BDD9 /* gl_type.h in Headers */ = {isa = PBXBuildFile; fileRef = 0B4EB8171C0788F00086BDD9 /* gl_type.h */; };
		0B4EB8781C078E280086BDD9 /* log.h in Headers */ = {isa = PBXBuildFile; fileRef = 0B4EB8181C0788F00086BDD9 /* log.h */; };
		0B4EB8791C078E280086BDD9 /* pipeline.h in Headers */ = {isa = PBXBuildFile; fileRef = 0B4EB8191C0788F00086BDD9 /* pipeline.h */; };
		0B4EB87A1C078E280086BDD9 /* program.h in Headers */ = {isa = PBXBuildFile; fileRef = 0B4EB81A1C0788F00086BDD9 /* program.h */; };
		0B4EB87B1C078E280086BDD9 /* query.h in Headers */ = {isa = PBXBuildFile; fileRef = 0B4EB81B1C0788F00086BDD9 /* query.h */; };
		0B4EB87C1C078E280086BDD9 /* renderbuffer.h in Headers */ = {isa = PBXBuildFile; fileRef = 0B4EB81C1C0788F00086BDD9 /* renderbuffer.h */; };
		0B4EB87D1C078E280086BDD9 /* sampler.h in Headers */ = {isa = PBXBuildFile; fileRef = 0B4EB81D1C0788F00086BDD9 /* sampler.h */; };
		0B4EB87E1C078E280086BDD9 /* shader.h in Headers */ = {isa = PBXBuildFile; fileRef = 0B4EB81E1C0788F00086BDD9 /* shader.h */; };
		0B4EB87F1C078E280086BDD9 /* texture.h in Headers */ = {isa = PBXBuildFile; fileRef = 0B4EB81F1C0788F00086BDD9 /* texture.h */; };
		0B4EB8801C078E290086BDD9 /* transform_feedback.h in Headers */ = {isa = PBXBuildFile; fileRef = 0B4EB8201C0788F00086BDD9 /* transform_feedback.h */; };
		0B4EB8811C078E290086BDD9 /* ugly.h in Headers */ = {isa = PBXBuildFile; fileRef = 0B4EB8211C0788F00086BDD9 /* ugly.h */; };
		0B4EB8821C078E290086BDD9 /* uniform.h in Headers */ = {isa = PBXBuildFile; fileRef = 0B4EB8221C0788F00086BDD9 /* uniform.h */; };
		0B4EB8831C078E290086BDD9 /* vertex_array.h in Headers */ = {isa = PBXBuildFile; fileRef = 0B4EB8231C0788F00086BDD9 /* vertex_array.h */; };
		0B4EB8841C078E290086BDD9 /* viewport.h in Headers */ = {isa = PBXBuildFile; fileRef = 0B4EB8241C0788F00086BDD9 /* viewport.h */; };
		0B4EB8851C0791110086BDD9 /* glfw_app.cpp in Sources */ = {isa = PBXBuildFile; fileRef = 0B4EB8281C0788FE0086BDD9 /* glfw_app.cpp */; };
		0B4EB8881C07912E0086BDD9 /* OpenGL.framework in Frameworks */ = {isa = PBXBuildFile; fileRef = 0B4EB86E1C078E150086BDD9 /* OpenGL.framework */; };
		0B4EB88A1C0791C70086BDD9 /* libglfw.dylib in Frameworks */ = {isa = PBXBuildFile; fileRef = 0B4EB8891C0791C70086BDD9 /* libglfw.dylib */; };
		0B4EB88C1C0791D50086BDD9 /* Cocoa.framework in Frameworks */ = {isa = PBXBuildFile; fileRef = 0B4EB88B1C0791D50086BDD9 /* Cocoa.framework */; };
		0B4EB88E1C0791DB0086BDD9 /* CoreVideo.framework in Frameworks */ = {isa = PBXBuildFile; fileRef = 0B4EB88D1C0791DB0086BDD9 /* CoreVideo.framework */; };
		0B4EB8901C0791E10086BDD9 /* IOKit.framework in Frameworks */ = {isa = PBXBuildFile; fileRef = 0B4EB88F1C0791E10086BDD9 /* IOKit.framework */; };
		0B4EB8931C07939B0086BDD9 /* libugly.dylib in Frameworks */ = {isa = PBXBuildFile; fileRef = 0B4EB85A1C078CD10086BDD9 /* libugly.dylib */; };
		0B4EB89D1C07954E0086BDD9 /* ugly_tests.mm in Sources */ = {isa = PBXBuildFile; fileRef = 0B4EB89C1C07954E0086BDD9 /* ugly_tests.mm */; };
		0B4EB89E1C07954E0086BDD9 /* libugly.dylib in Frameworks */ = {isa = PBXBuildFile; fileRef = 0B4EB85A1C078CD10086BDD9 /* libugly.dylib */; };
		0B4EB8A41C079B1E0086BDD9 /* glfw_app.cpp in Sources */ = {isa = PBXBuildFile; fileRef = 0B4EB8281C0788FE0086BDD9 /* glfw_app.cpp */; };
		0B4EB8A81C079B7C0086BDD9 /* libglfw.dylib in Frameworks */ = {isa = PBXBuildFile; fileRef = 0B4EB8891C0791C70086BDD9 /* libglfw.dylib */; };
		0B4EB8A91C079B8A0086BDD9 /* Cocoa.framework in Frameworks */ = {isa = PBXBuildFile; fileRef = 0B4EB88B1C0791D50086BDD9 /* Cocoa.framework */; };
		0B4EB8AA1C079B920086BDD9 /* CoreVideo.framework in Frameworks */ = {isa = PBXBuildFile; fileRef = 0B4EB88D1C0791DB0086BDD9 /* CoreVideo.framework */; };
		0B4EB8AB1C079B990086BDD9 /* IOKit.framework in Frameworks */ = {isa = PBXBuildFile; fileRef = 0B4EB88F1C0791E10086BDD9 /* IOKit.framework */; };
		0B4EB8AD1C07B0620086BDD9 /* demo.cpp in Sources */ = {isa = PBXBuildFile; fileRef = 0B4EB8AC1C07B0620086BDD9 /* demo.cpp */; };
		0BA992021C113FF5007F55BE /* texture_unit.h in Headers */ = {isa = PBXBuildFile; fileRef = 0BA992011C113FF5007F55BE /* texture_unit.h */; };
		0BA992041C114018007F55BE /* texture_unit.cpp in Sources */ = {isa = PBXBuildFile; fileRef = 0BA992031C114018007F55BE /* texture_unit.cpp */; };
		0BDEB4FB1C28EA65003C4442 /* bindguard.cpp in Sources */ = {isa = PBXBuildFile; fileRef = 0BDEB4F91C28EA3F003C4442 /* bindguard.cpp */; };
		0BDEB5081C2902DA003C4442 /* image.h in Headers */ = {isa = PBXBuildFile; fileRef = 0BDEB5071C2902DA003C4442 /* image.h */; };
		0BDEB50A1C29100B003C4442 /* image.cpp in Sources */ = {isa = PBXBuildFile; fileRef = 0BDEB5091C29100B003C4442 /* image.cpp */; };
		0BDEB50F1C293E2D003C4442 /* libpng.dylib in Frameworks */ = {isa = PBXBuildFile; fileRef = 0BDEB50E1C293E2D003C4442 /* libpng.dylib */; };
		0BDEB5121C29410B003C4442 /* libugly-ext.dylib in Frameworks */ = {isa = PBXBuildFile; fileRef = 0BDEB5031C290195003C4442 /* libugly-ext.dylib */; };
/* End PBXBuildFile section */

/* Begin PBXContainerItemProxy section */
		0B4EB8911C07938A0086BDD9 /* PBXContainerItemProxy */ = {
			isa = PBXContainerItemProxy;
			containerPortal = 0B4EB7E71C07887B0086BDD9 /* Project object */;
			proxyType = 1;
			remoteGlobalIDString = 0B4EB8591C078CD10086BDD9;
			remoteInfo = ugly;
		};
		0B4EB89F1C07954E0086BDD9 /* PBXContainerItemProxy */ = {
			isa = PBXContainerItemProxy;
			containerPortal = 0B4EB7E71C07887B0086BDD9 /* Project object */;
			proxyType = 1;
			remoteGlobalIDString = 0B4EB8591C078CD10086BDD9;
			remoteInfo = ugly;
		};
		0BDEB5101C293F50003C4442 /* PBXContainerItemProxy */ = {
			isa = PBXContainerItemProxy;
			containerPortal = 0B4EB7E71C07887B0086BDD9 /* Project object */;
			proxyType = 1;
			remoteGlobalIDString = 0BDEB5021C290195003C4442;
			remoteInfo = "ugly-ext";
		};
/* End PBXContainerItemProxy section */

/* Begin PBXCopyFilesBuildPhase section */
		0B4B7A691C2EAC7300252EB0 /* CopyFiles */ = {
			isa = PBXCopyFilesBuildPhase;
			buildActionMask = 2147483647;
			dstPath = shaders/blur;
			dstSubfolderSpec = 16;
			files = (
				0B4B7A6A1C2EAC8500252EB0 /* frag0.glsl in CopyFiles */,
				0B4B7A6B1C2EAC8500252EB0 /* frag1.glsl in CopyFiles */,
			);
			runOnlyForDeploymentPostprocessing = 0;
		};
		0B4B7A6D1C2EAC9800252EB0 /* CopyFiles */ = {
			isa = PBXCopyFilesBuildPhase;
			buildActionMask = 2147483647;
			dstPath = shaders/demo;
			dstSubfolderSpec = 16;
			files = (
				0B4B7A6E1C2EACAA00252EB0 /* frag.glsl in CopyFiles */,
				0B4B7A6F1C2EACAA00252EB0 /* geo.glsl in CopyFiles */,
				0B4B7A701C2EACAA00252EB0 /* vert.glsl in CopyFiles */,
				0B4B7A711C2EACAA00252EB0 /* tess_eval.glsl in CopyFiles */,
				0B4B7A721C2EACAA00252EB0 /* tess_control.glsl in CopyFiles */,
			);
			runOnlyForDeploymentPostprocessing = 0;
		};
		0B4B7A731C2EACDA00252EB0 /* CopyFiles */ = {
			isa = PBXCopyFilesBuildPhase;
			buildActionMask = 2147483647;
			dstPath = "";
			dstSubfolderSpec = 16;
			files = (
				0B4B7A751C2EACF600252EB0 /* zombie.png in CopyFiles */,
			);
			runOnlyForDeploymentPostprocessing = 0;
		};
		0B4EB8451C0789C30086BDD9 /* CopyFiles */ = {
			isa = PBXCopyFilesBuildPhase;
			buildActionMask = 12;
			dstPath = shaders;
			dstSubfolderSpec = 16;
			files = (
				0B4B7A6C1C2EAC8A00252EB0 /* bad_syntax.glsl in CopyFiles */,
				0B4B7A641C2EAC6100252EB0 /* frag.glsl in CopyFiles */,
				0B4B7A651C2EAC6100252EB0 /* geo.glsl in CopyFiles */,
				0B4B7A661C2EAC6100252EB0 /* tess_control.glsl in CopyFiles */,
				0B4B7A671C2EAC6100252EB0 /* tess_eval.glsl in CopyFiles */,
				0B4B7A681C2EAC6100252EB0 /* vert.glsl in CopyFiles */,
			);
			runOnlyForDeploymentPostprocessing = 0;
		};
/* End PBXCopyFilesBuildPhase section */

/* Begin PBXFileReference section */
		0B126F631C0D582C00F96CA0 /* geo.glsl */ = {isa = PBXFileReference; fileEncoding = 4; lastKnownFileType = text; path = geo.glsl; sourceTree = "<group>"; };
		0B126F641C0D587500F96CA0 /* tess_eval.glsl */ = {isa = PBXFileReference; fileEncoding = 4; lastKnownFileType = text; path = tess_eval.glsl; sourceTree = "<group>"; };
		0B126F651C0D588A00F96CA0 /* tess_control.glsl */ = {isa = PBXFileReference; fileEncoding = 4; lastKnownFileType = text; path = tess_control.glsl; sourceTree = "<group>"; };
		0B4B7A741C2EACF300252EB0 /* zombie.png */ = {isa = PBXFileReference; lastKnownFileType = image.png; path = zombie.png; sourceTree = "<group>"; };
		0B4EB7EE1C0788D40086BDD9 /* buffer.cpp */ = {isa = PBXFileReference; lastKnownFileType = sourcecode.cpp.cpp; path = buffer.cpp; sourceTree = "<group>"; };
		0B4EB7F01C0788D40086BDD9 /* context.cpp */ = {isa = PBXFileReference; lastKnownFileType = sourcecode.cpp.cpp; path = context.cpp; sourceTree = "<group>"; };
		0B4EB7F21C0788D40086BDD9 /* enum.cpp */ = {isa = PBXFileReference; lastKnownFileType = sourcecode.cpp.cpp; path = enum.cpp; sourceTree = "<group>"; };
		0B4EB7F41C0788D40086BDD9 /* framebuffer.cpp */ = {isa = PBXFileReference; lastKnownFileType = sourcecode.cpp.cpp; path = framebuffer.cpp; sourceTree = "<group>"; };
		0B4EB7F61C0788D40086BDD9 /* generated_object.cpp */ = {isa = PBXFileReference; lastKnownFileType = sourcecode.cpp.cpp; path = generated_object.cpp; sourceTree = "<group>"; };
		0B4EB7F81C0788D40086BDD9 /* pipeline.cpp */ = {isa = PBXFileReference; lastKnownFileType = sourcecode.cpp.cpp; path = pipeline.cpp; sourceTree = "<group>"; };
		0B4EB7FA1C0788D40086BDD9 /* program.cpp */ = {isa = PBXFileReference; lastKnownFileType = sourcecode.cpp.cpp; path = program.cpp; sourceTree = "<group>"; };
		0B4EB7FC1C0788D40086BDD9 /* query.cpp */ = {isa = PBXFileReference; lastKnownFileType = sourcecode.cpp.cpp; path = query.cpp; sourceTree = "<group>"; };
		0B4EB7FE1C0788D40086BDD9 /* renderbuffer.cpp */ = {isa = PBXFileReference; lastKnownFileType = sourcecode.cpp.cpp; path = renderbuffer.cpp; sourceTree = "<group>"; };
		0B4EB8001C0788D40086BDD9 /* sampler.cpp */ = {isa = PBXFileReference; lastKnownFileType = sourcecode.cpp.cpp; path = sampler.cpp; sourceTree = "<group>"; };
		0B4EB8021C0788D40086BDD9 /* shader.cpp */ = {isa = PBXFileReference; lastKnownFileType = sourcecode.cpp.cpp; path = shader.cpp; sourceTree = "<group>"; };
		0B4EB8041C0788D40086BDD9 /* texture.cpp */ = {isa = PBXFileReference; lastKnownFileType = sourcecode.cpp.cpp; path = texture.cpp; sourceTree = "<group>"; };
		0B4EB8061C0788D40086BDD9 /* transform_feedback.cpp */ = {isa = PBXFileReference; lastKnownFileType = sourcecode.cpp.cpp; path = transform_feedback.cpp; sourceTree = "<group>"; };
		0B4EB8081C0788D40086BDD9 /* uniform.cpp */ = {isa = PBXFileReference; lastKnownFileType = sourcecode.cpp.cpp; path = uniform.cpp; sourceTree = "<group>"; };
		0B4EB80B1C0788D40086BDD9 /* vertex_array.cpp */ = {isa = PBXFileReference; lastKnownFileType = sourcecode.cpp.cpp; path = vertex_array.cpp; sourceTree = "<group>"; };
		0B4EB80D1C0788D40086BDD9 /* viewport.cpp */ = {isa = PBXFileReference; lastKnownFileType = sourcecode.cpp.cpp; path = viewport.cpp; sourceTree = "<group>"; };
		0B4EB8101C0788F00086BDD9 /* buffer.h */ = {isa = PBXFileReference; lastKnownFileType = sourcecode.c.h; path = buffer.h; sourceTree = "<group>"; };
		0B4EB8111C0788F00086BDD9 /* context.h */ = {isa = PBXFileReference; lastKnownFileType = sourcecode.c.h; path = context.h; sourceTree = "<group>"; };
		0B4EB8121C0788F00086BDD9 /* context_instantiations.inl */ = {isa = PBXFileReference; lastKnownFileType = text; path = context_instantiations.inl; sourceTree = "<group>"; };
		0B4EB8131C0788F00086BDD9 /* enum.h */ = {isa = PBXFileReference; lastKnownFileType = sourcecode.c.h; path = enum.h; sourceTree = "<group>"; };
		0B4EB8141C0788F00086BDD9 /* exception.h */ = {isa = PBXFileReference; lastKnownFileType = sourcecode.c.h; path = exception.h; sourceTree = "<group>"; };
		0B4EB8151C0788F00086BDD9 /* framebuffer.h */ = {isa = PBXFileReference; lastKnownFileType = sourcecode.c.h; path = framebuffer.h; sourceTree = "<group>"; };
		0B4EB8161C0788F00086BDD9 /* generated_object.h */ = {isa = PBXFileReference; lastKnownFileType = sourcecode.c.h; path = generated_object.h; sourceTree = "<group>"; };
		0B4EB8171C0788F00086BDD9 /* gl_type.h */ = {isa = PBXFileReference; lastKnownFileType = sourcecode.c.h; path = gl_type.h; sourceTree = "<group>"; };
		0B4EB8181C0788F00086BDD9 /* log.h */ = {isa = PBXFileReference; lastKnownFileType = sourcecode.c.h; path = log.h; sourceTree = "<group>"; };
		0B4EB8191C0788F00086BDD9 /* pipeline.h */ = {isa = PBXFileReference; lastKnownFileType = sourcecode.c.h; path = pipeline.h; sourceTree = "<group>"; };
		0B4EB81A1C0788F00086BDD9 /* program.h */ = {isa = PBXFileReference; lastKnownFileType = sourcecode.c.h; path = program.h; sourceTree = "<group>"; };
		0B4EB81B1C0788F00086BDD9 /* query.h */ = {isa = PBXFileReference; lastKnownFileType = sourcecode.c.h; path = query.h; sourceTree = "<group>"; };
		0B4EB81C1C0788F00086BDD9 /* renderbuffer.h */ = {isa = PBXFileReference; lastKnownFileType = sourcecode.c.h; path = renderbuffer.h; sourceTree = "<group>"; };
		0B4EB81D1C0788F00086BDD9 /* sampler.h */ = {isa = PBXFileReference; lastKnownFileType = sourcecode.c.h; path = sampler.h; sourceTree = "<group>"; };
		0B4EB81E1C0788F00086BDD9 /* shader.h */ = {isa = PBXFileReference; lastKnownFileType = sourcecode.c.h; path = shader.h; sourceTree = "<group>"; };
		0B4EB81F1C0788F00086BDD9 /* texture.h */ = {isa = PBXFileReference; lastKnownFileType = sourcecode.c.h; path = texture.h; sourceTree = "<group>"; };
		0B4EB8201C0788F00086BDD9 /* transform_feedback.h */ = {isa = PBXFileReference; lastKnownFileType = sourcecode.c.h; path = transform_feedback.h; sourceTree = "<group>"; };
		0B4EB8211C0788F00086BDD9 /* ugly.h */ = {isa = PBXFileReference; lastKnownFileType = sourcecode.c.h; path = ugly.h; sourceTree = "<group>"; };
		0B4EB8221C0788F00086BDD9 /* uniform.h */ = {isa = PBXFileReference; lastKnownFileType = sourcecode.c.h; path = uniform.h; sourceTree = "<group>"; };
		0B4EB8231C0788F00086BDD9 /* vertex_array.h */ = {isa = PBXFileReference; lastKnownFileType = sourcecode.c.h; path = vertex_array.h; sourceTree = "<group>"; };
		0B4EB8241C0788F00086BDD9 /* viewport.h */ = {isa = PBXFileReference; lastKnownFileType = sourcecode.c.h; path = viewport.h; sourceTree = "<group>"; };
		0B4EB8281C0788FE0086BDD9 /* glfw_app.cpp */ = {isa = PBXFileReference; lastKnownFileType = sourcecode.cpp.cpp; path = glfw_app.cpp; sourceTree = "<group>"; };
		0B4EB8291C0788FE0086BDD9 /* glfw_app.h */ = {isa = PBXFileReference; lastKnownFileType = sourcecode.c.h; path = glfw_app.h; sourceTree = "<group>"; };
		0B4EB82B1C0788FE0086BDD9 /* main.cpp */ = {isa = PBXFileReference; lastKnownFileType = sourcecode.cpp.cpp; path = main.cpp; sourceTree = "<group>"; };
		0B4EB82E1C0788FE0086BDD9 /* bad_syntax.glsl */ = {isa = PBXFileReference; lastKnownFileType = text; path = bad_syntax.glsl; sourceTree = "<group>"; };
		0B4EB8301C0788FE0086BDD9 /* frag.glsl */ = {isa = PBXFileReference; lastKnownFileType = text; path = frag.glsl; sourceTree = "<group>"; };
		0B4EB8311C0788FE0086BDD9 /* vert.glsl */ = {isa = PBXFileReference; lastKnownFileType = text; path = vert.glsl; sourceTree = "<group>"; };
		0B4EB8321C0788FE0086BDD9 /* frag.glsl */ = {isa = PBXFileReference; lastKnownFileType = text; path = frag.glsl; sourceTree = "<group>"; };
		0B4EB8331C0788FE0086BDD9 /* geo.glsl */ = {isa = PBXFileReference; lastKnownFileType = text; path = geo.glsl; sourceTree = "<group>"; };
		0B4EB8341C0788FE0086BDD9 /* tess_control.glsl */ = {isa = PBXFileReference; lastKnownFileType = text; path = tess_control.glsl; sourceTree = "<group>"; };
		0B4EB8351C0788FE0086BDD9 /* tess_eval.glsl */ = {isa = PBXFileReference; lastKnownFileType = text; path = tess_eval.glsl; sourceTree = "<group>"; };
		0B4EB8361C0788FE0086BDD9 /* vert.glsl */ = {isa = PBXFileReference; lastKnownFileType = text; path = vert.glsl; sourceTree = "<group>"; };
		0B4EB8471C0789C30086BDD9 /* demo */ = {isa = PBXFileReference; explicitFileType = "compiled.mach-o.executable"; includeInIndex = 0; path = demo; sourceTree = BUILT_PRODUCTS_DIR; };
		0B4EB85A1C078CD10086BDD9 /* libugly.dylib */ = {isa = PBXFileReference; explicitFileType = "compiled.mach-o.dylib"; includeInIndex = 0; path = libugly.dylib; sourceTree = BUILT_PRODUCTS_DIR; };
		0B4EB86E1C078E150086BDD9 /* OpenGL.framework */ = {isa = PBXFileReference; lastKnownFileType = wrapper.framework; name = OpenGL.framework; path = System/Library/Frameworks/OpenGL.framework; sourceTree = SDKROOT; };
		0B4EB8891C0791C70086BDD9 /* libglfw.dylib */ = {isa = PBXFileReference; lastKnownFileType = "compiled.mach-o.dylib"; name = libglfw.dylib; path = ../../../opt/local/lib/libglfw.dylib; sourceTree = "<group>"; };
		0B4EB88B1C0791D50086BDD9 /* Cocoa.framework */ = {isa = PBXFileReference; lastKnownFileType = wrapper.framework; name = Cocoa.framework; path = System/Library/Frameworks/Cocoa.framework; sourceTree = SDKROOT; };
		0B4EB88D1C0791DB0086BDD9 /* CoreVideo.framework */ = {isa = PBXFileReference; lastKnownFileType = wrapper.framework; name = CoreVideo.framework; path = System/Library/Frameworks/CoreVideo.framework; sourceTree = SDKROOT; };
		0B4EB88F1C0791E10086BDD9 /* IOKit.framework */ = {isa = PBXFileReference; lastKnownFileType = wrapper.framework; name = IOKit.framework; path = System/Library/Frameworks/IOKit.framework; sourceTree = SDKROOT; };
		0B4EB8981C07954E0086BDD9 /* ugly tests.xctest */ = {isa = PBXFileReference; explicitFileType = wrapper.cfbundle; includeInIndex = 0; path = "ugly tests.xctest"; sourceTree = BUILT_PRODUCTS_DIR; };
		0B4EB89B1C07954E0086BDD9 /* Info.plist */ = {isa = PBXFileReference; lastKnownFileType = text.plist.xml; path = Info.plist; sourceTree = "<group>"; };
		0B4EB89C1C07954E0086BDD9 /* ugly_tests.mm */ = {isa = PBXFileReference; lastKnownFileType = sourcecode.cpp.objcpp; path = ugly_tests.mm; sourceTree = "<group>"; };
		0B4EB8A51C079B4C0086BDD9 /* libugly.xcodeproj */ = {isa = PBXFileReference; lastKnownFileType = "wrapper.pb-project"; path = libugly.xcodeproj; sourceTree = "<group>"; };
		0B4EB8AC1C07B0620086BDD9 /* demo.cpp */ = {isa = PBXFileReference; fileEncoding = 4; lastKnownFileType = sourcecode.cpp.cpp; path = demo.cpp; sourceTree = "<group>"; };
		0B72F3591C27B95C00EC2F10 /* frag0.glsl */ = {isa = PBXFileReference; fileEncoding = 4; lastKnownFileType = text; path = frag0.glsl; sourceTree = "<group>"; };
		0B72F35A1C27B95C00EC2F10 /* frag1.glsl */ = {isa = PBXFileReference; fileEncoding = 4; lastKnownFileType = text; path = frag1.glsl; sourceTree = "<group>"; };
		0BA992011C113FF5007F55BE /* texture_unit.h */ = {isa = PBXFileReference; fileEncoding = 4; lastKnownFileType = sourcecode.c.h; path = texture_unit.h; sourceTree = "<group>"; };
		0BA992031C114018007F55BE /* texture_unit.cpp */ = {isa = PBXFileReference; fileEncoding = 4; lastKnownFileType = sourcecode.cpp.cpp; path = texture_unit.cpp; sourceTree = "<group>"; };
		0BDEB4F91C28EA3F003C4442 /* bindguard.cpp */ = {isa = PBXFileReference; fileEncoding = 4; lastKnownFileType = sourcecode.cpp.cpp; path = bindguard.cpp; sourceTree = "<group>"; };
		0BDEB5031C290195003C4442 /* libugly-ext.dylib */ = {isa = PBXFileReference; explicitFileType = "compiled.mach-o.dylib"; includeInIndex = 0; path = "libugly-ext.dylib"; sourceTree = BUILT_PRODUCTS_DIR; };
		0BDEB5071C2902DA003C4442 /* image.h */ = {isa = PBXFileReference; fileEncoding = 4; lastKnownFileType = sourcecode.c.h; path = image.h; sourceTree = "<group>"; };
		0BDEB5091C29100B003C4442 /* image.cpp */ = {isa = PBXFileReference; fileEncoding = 4; lastKnownFileType = sourcecode.cpp.cpp; path = image.cpp; sourceTree = "<group>"; };
		0BDEB50E1C293E2D003C4442 /* libpng.dylib */ = {isa = PBXFileReference; lastKnownFileType = "compiled.mach-o.dylib"; name = libpng.dylib; path = ../../../usr/local/lib/libpng.dylib; sourceTree = "<group>"; };
/* End PBXFileReference section */

/* Begin PBXFrameworksBuildPhase section */
		0B4EB8441C0789C30086BDD9 /* Frameworks */ = {
			isa = PBXFrameworksBuildPhase;
			buildActionMask = 2147483647;
			files = (
				0BDEB5121C29410B003C4442 /* libugly-ext.dylib in Frameworks */,
				0B4EB8901C0791E10086BDD9 /* IOKit.framework in Frameworks */,
				0B4EB88E1C0791DB0086BDD9 /* CoreVideo.framework in Frameworks */,
				0B4EB88C1C0791D50086BDD9 /* Cocoa.framework in Frameworks */,
				0B4EB8881C07912E0086BDD9 /* OpenGL.framework in Frameworks */,
				0B4EB88A1C0791C70086BDD9 /* libglfw.dylib in Frameworks */,
				0B4EB8931C07939B0086BDD9 /* libugly.dylib in Frameworks */,
			);
			runOnlyForDeploymentPostprocessing = 0;
		};
		0B4EB8571C078CD10086BDD9 /* Frameworks */ = {
			isa = PBXFrameworksBuildPhase;
			buildActionMask = 2147483647;
			files = (
				0B4EB86F1C078E150086BDD9 /* OpenGL.framework in Frameworks */,
			);
			runOnlyForDeploymentPostprocessing = 0;
		};
		0B4EB8951C07954E0086BDD9 /* Frameworks */ = {
			isa = PBXFrameworksBuildPhase;
			buildActionMask = 2147483647;
			files = (
				0B4EB8AB1C079B990086BDD9 /* IOKit.framework in Frameworks */,
				0B4EB8AA1C079B920086BDD9 /* CoreVideo.framework in Frameworks */,
				0B4EB8A91C079B8A0086BDD9 /* Cocoa.framework in Frameworks */,
				0B4EB89E1C07954E0086BDD9 /* libugly.dylib in Frameworks */,
				0B4EB8A81C079B7C0086BDD9 /* libglfw.dylib in Frameworks */,
			);
			runOnlyForDeploymentPostprocessing = 0;
		};
		0BDEB5001C290195003C4442 /* Frameworks */ = {
			isa = PBXFrameworksBuildPhase;
			buildActionMask = 2147483647;
			files = (
				0BDEB50F1C293E2D003C4442 /* libpng.dylib in Frameworks */,
			);
			runOnlyForDeploymentPostprocessing = 0;
		};
/* End PBXFrameworksBuildPhase section */

/* Begin PBXGroup section */
		0B4EB7E61C07887B0086BDD9 = {
			isa = PBXGroup;
			children = (
				0BDEB50E1C293E2D003C4442 /* libpng.dylib */,
				0B4EB8891C0791C70086BDD9 /* libglfw.dylib */,
				0B4EB88B1C0791D50086BDD9 /* Cocoa.framework */,
				0B4EB88D1C0791DB0086BDD9 /* CoreVideo.framework */,
				0B4EB88F1C0791E10086BDD9 /* IOKit.framework */,
				0B4EB86E1C078E150086BDD9 /* OpenGL.framework */,
				0B4EB8A51C079B4C0086BDD9 /* libugly.xcodeproj */,
				0BDEB4FC1C290152003C4442 /* ext */,
				0B4EB80F1C0788F00086BDD9 /* include */,
				0B4EB83C1C07895F0086BDD9 /* Products */,
				0B4EB7ED1C0788D40086BDD9 /* src */,
				0B4EB8251C0788FE0086BDD9 /* test */,
				0B4EB8991C07954E0086BDD9 /* ugly tests */,
			);
			sourceTree = "<group>";
		};
		0B4EB7ED1C0788D40086BDD9 /* src */ = {
			isa = PBXGroup;
			children = (
				0BDEB4F91C28EA3F003C4442 /* bindguard.cpp */,
				0B4EB7EE1C0788D40086BDD9 /* buffer.cpp */,
				0B4EB7F01C0788D40086BDD9 /* context.cpp */,
				0B4EB7F21C0788D40086BDD9 /* enum.cpp */,
				0B4EB7F41C0788D40086BDD9 /* framebuffer.cpp */,
				0B4EB7F61C0788D40086BDD9 /* generated_object.cpp */,
				0B4EB7F81C0788D40086BDD9 /* pipeline.cpp */,
				0B4EB7FA1C0788D40086BDD9 /* program.cpp */,
				0B4EB7FC1C0788D40086BDD9 /* query.cpp */,
				0B4EB7FE1C0788D40086BDD9 /* renderbuffer.cpp */,
				0B4EB8001C0788D40086BDD9 /* sampler.cpp */,
				0B4EB8021C0788D40086BDD9 /* shader.cpp */,
				0BA992031C114018007F55BE /* texture_unit.cpp */,
				0B4EB8041C0788D40086BDD9 /* texture.cpp */,
				0B4EB8061C0788D40086BDD9 /* transform_feedback.cpp */,
				0B4EB8081C0788D40086BDD9 /* uniform.cpp */,
				0B4EB80B1C0788D40086BDD9 /* vertex_array.cpp */,
				0B4EB80D1C0788D40086BDD9 /* viewport.cpp */,
			);
			path = src;
			sourceTree = "<group>";
		};
		0B4EB80F1C0788F00086BDD9 /* include */ = {
			isa = PBXGroup;
			children = (
				0B4EB8101C0788F00086BDD9 /* buffer.h */,
				0B4EB8121C0788F00086BDD9 /* context_instantiations.inl */,
				0B4EB8111C0788F00086BDD9 /* context.h */,
				0B4EB8131C0788F00086BDD9 /* enum.h */,
				0B4EB8141C0788F00086BDD9 /* exception.h */,
				0B4EB8151C0788F00086BDD9 /* framebuffer.h */,
				0B4EB8161C0788F00086BDD9 /* generated_object.h */,
				0B4EB8171C0788F00086BDD9 /* gl_type.h */,
				0B4EB8181C0788F00086BDD9 /* log.h */,
				0B4EB8191C0788F00086BDD9 /* pipeline.h */,
				0B4EB81A1C0788F00086BDD9 /* program.h */,
				0B4EB81B1C0788F00086BDD9 /* query.h */,
				0B4EB81C1C0788F00086BDD9 /* renderbuffer.h */,
				0B4EB81D1C0788F00086BDD9 /* sampler.h */,
				0B4EB81E1C0788F00086BDD9 /* shader.h */,
				0BA992011C113FF5007F55BE /* texture_unit.h */,
				0B4EB81F1C0788F00086BDD9 /* texture.h */,
				0B4EB8201C0788F00086BDD9 /* transform_feedback.h */,
				0B4EB8211C0788F00086BDD9 /* ugly.h */,
				0B4EB8221C0788F00086BDD9 /* uniform.h */,
				0B4EB8231C0788F00086BDD9 /* vertex_array.h */,
				0B4EB8241C0788F00086BDD9 /* viewport.h */,
			);
			path = include;
			sourceTree = "<group>";
		};
		0B4EB8251C0788FE0086BDD9 /* test */ = {
			isa = PBXGroup;
			children = (
				0B4B7A741C2EACF300252EB0 /* zombie.png */,
				0B4EB8AC1C07B0620086BDD9 /* demo.cpp */,
				0B4EB8281C0788FE0086BDD9 /* glfw_app.cpp */,
				0B4EB8291C0788FE0086BDD9 /* glfw_app.h */,
				0B4EB82B1C0788FE0086BDD9 /* main.cpp */,
				0B4EB82D1C0788FE0086BDD9 /* shaders */,
			);
			path = test;
			sourceTree = "<group>";
		};
		0B4EB82D1C0788FE0086BDD9 /* shaders */ = {
			isa = PBXGroup;
			children = (
				0B72F3581C27B95C00EC2F10 /* blur */,
				0B4EB82E1C0788FE0086BDD9 /* bad_syntax.glsl */,
				0B4EB82F1C0788FE0086BDD9 /* demo */,
				0B4EB8321C0788FE0086BDD9 /* frag.glsl */,
				0B4EB8331C0788FE0086BDD9 /* geo.glsl */,
				0B4EB8341C0788FE0086BDD9 /* tess_control.glsl */,
				0B4EB8351C0788FE0086BDD9 /* tess_eval.glsl */,
				0B4EB8361C0788FE0086BDD9 /* vert.glsl */,
			);
			path = shaders;
			sourceTree = "<group>";
		};
		0B4EB82F1C0788FE0086BDD9 /* demo */ = {
			isa = PBXGroup;
			children = (
				0B4EB8301C0788FE0086BDD9 /* frag.glsl */,
				0B126F631C0D582C00F96CA0 /* geo.glsl */,
				0B4EB8311C0788FE0086BDD9 /* vert.glsl */,
				0B126F641C0D587500F96CA0 /* tess_eval.glsl */,
				0B126F651C0D588A00F96CA0 /* tess_control.glsl */,
			);
			path = demo;
			sourceTree = "<group>";
		};
		0B4EB83C1C07895F0086BDD9 /* Products */ = {
			isa = PBXGroup;
			children = (
				0B4EB8471C0789C30086BDD9 /* demo */,
				0B4EB85A1C078CD10086BDD9 /* libugly.dylib */,
				0B4EB8981C07954E0086BDD9 /* ugly tests.xctest */,
				0BDEB5031C290195003C4442 /* libugly-ext.dylib */,
			);
			name = Products;
			sourceTree = "<group>";
		};
		0B4EB8991C07954E0086BDD9 /* ugly tests */ = {
			isa = PBXGroup;
			children = (
				0B4EB89C1C07954E0086BDD9 /* ugly_tests.mm */,
				0B4EB89A1C07954E0086BDD9 /* Supporting Files */,
			);
			path = "ugly tests";
			sourceTree = "<group>";
		};
		0B4EB89A1C07954E0086BDD9 /* Supporting Files */ = {
			isa = PBXGroup;
			children = (
				0B4EB89B1C07954E0086BDD9 /* Info.plist */,
			);
			name = "Supporting Files";
			sourceTree = "<group>";
		};
		0B4EB8A61C079B4C0086BDD9 /* Products */ = {
			isa = PBXGroup;
			name = Products;
			sourceTree = "<group>";
		};
		0B72F3581C27B95C00EC2F10 /* blur */ = {
			isa = PBXGroup;
			children = (
				0B72F3591C27B95C00EC2F10 /* frag0.glsl */,
				0B72F35A1C27B95C00EC2F10 /* frag1.glsl */,
			);
			path = blur;
			sourceTree = "<group>";
		};
		0BDEB4FC1C290152003C4442 /* ext */ = {
			isa = PBXGroup;
			children = (
				0BDEB4FD1C290152003C4442 /* include */,
				0BDEB4FE1C290152003C4442 /* src */,
			);
			path = ext;
			sourceTree = "<group>";
		};
		0BDEB4FD1C290152003C4442 /* include */ = {
			isa = PBXGroup;
			children = (
				0BDEB5071C2902DA003C4442 /* image.h */,
			);
			path = include;
			sourceTree = "<group>";
		};
		0BDEB4FE1C290152003C4442 /* src */ = {
			isa = PBXGroup;
			children = (
				0BDEB5091C29100B003C4442 /* image.cpp */,
			);
			path = src;
			sourceTree = "<group>";
		};
/* End PBXGroup section */

/* Begin PBXHeadersBuildPhase section */
		0B4EB8581C078CD10086BDD9 /* Headers */ = {
			isa = PBXHeadersBuildPhase;
			buildActionMask = 2147483647;
			files = (
				0B4EB8701C078E280086BDD9 /* buffer.h in Headers */,
				0B4EB8711C078E280086BDD9 /* context.h in Headers */,
				0B4EB8721C078E280086BDD9 /* context_instantiations.inl in Headers */,
				0B4EB8731C078E280086BDD9 /* enum.h in Headers */,
				0B4EB8741C078E280086BDD9 /* exception.h in Headers */,
				0B4EB8751C078E280086BDD9 /* framebuffer.h in Headers */,
				0B4EB8761C078E280086BDD9 /* generated_object.h in Headers */,
				0B4EB8771C078E280086BDD9 /* gl_type.h in Headers */,
				0B4EB8781C078E280086BDD9 /* log.h in Headers */,
				0B4EB8791C078E280086BDD9 /* pipeline.h in Headers */,
				0B4EB87A1C078E280086BDD9 /* program.h in Headers */,
				0B4EB87B1C078E280086BDD9 /* query.h in Headers */,
				0BA992021C113FF5007F55BE /* texture_unit.h in Headers */,
				0B4EB87C1C078E280086BDD9 /* renderbuffer.h in Headers */,
				0B4EB87D1C078E280086BDD9 /* sampler.h in Headers */,
				0B4EB87E1C078E280086BDD9 /* shader.h in Headers */,
				0B4EB87F1C078E280086BDD9 /* texture.h in Headers */,
				0B4EB8801C078E290086BDD9 /* transform_feedback.h in Headers */,
				0B4EB8811C078E290086BDD9 /* ugly.h in Headers */,
				0B4EB8821C078E290086BDD9 /* uniform.h in Headers */,
				0B4EB8831C078E290086BDD9 /* vertex_array.h in Headers */,
				0B4EB8841C078E290086BDD9 /* viewport.h in Headers */,
			);
			runOnlyForDeploymentPostprocessing = 0;
		};
		0BDEB5011C290195003C4442 /* Headers */ = {
			isa = PBXHeadersBuildPhase;
			buildActionMask = 2147483647;
			files = (
				0BDEB5081C2902DA003C4442 /* image.h in Headers */,
			);
			runOnlyForDeploymentPostprocessing = 0;
		};
/* End PBXHeadersBuildPhase section */

/* Begin PBXNativeTarget section */
		0B4EB8461C0789C30086BDD9 /* demo */ = {
			isa = PBXNativeTarget;
			buildConfigurationList = 0B4EB84B1C0789C30086BDD9 /* Build configuration list for PBXNativeTarget "demo" */;
			buildPhases = (
				0B4EB8431C0789C30086BDD9 /* Sources */,
				0B4EB8441C0789C30086BDD9 /* Frameworks */,
				0B4EB8451C0789C30086BDD9 /* CopyFiles */,
				0B4B7A691C2EAC7300252EB0 /* CopyFiles */,
				0B4B7A6D1C2EAC9800252EB0 /* CopyFiles */,
				0B4B7A731C2EACDA00252EB0 /* CopyFiles */,
			);
			buildRules = (
			);
			dependencies = (
				0BDEB5111C293F50003C4442 /* PBXTargetDependency */,
				0B4EB8921C07938A0086BDD9 /* PBXTargetDependency */,
			);
			name = demo;
			productName = test;
			productReference = 0B4EB8471C0789C30086BDD9 /* demo */;
			productType = "com.apple.product-type.tool";
		};
		0B4EB8591C078CD10086BDD9 /* ugly */ = {
			isa = PBXNativeTarget;
			buildConfigurationList = 0B4EB85B1C078CD10086BDD9 /* Build configuration list for PBXNativeTarget "ugly" */;
			buildPhases = (
				0B4EB8561C078CD10086BDD9 /* Sources */,
				0B4EB8571C078CD10086BDD9 /* Frameworks */,
				0B4EB8581C078CD10086BDD9 /* Headers */,
			);
			buildRules = (
			);
			dependencies = (
			);
			name = ugly;
			productName = ugly;
			productReference = 0B4EB85A1C078CD10086BDD9 /* libugly.dylib */;
			productType = "com.apple.product-type.library.dynamic";
		};
		0B4EB8971C07954E0086BDD9 /* ugly tests */ = {
			isa = PBXNativeTarget;
			buildConfigurationList = 0B4EB8A11C07954E0086BDD9 /* Build configuration list for PBXNativeTarget "ugly tests" */;
			buildPhases = (
				0B4EB8941C07954E0086BDD9 /* Sources */,
				0B4EB8951C07954E0086BDD9 /* Frameworks */,
				0B4EB8961C07954E0086BDD9 /* Resources */,
			);
			buildRules = (
			);
			dependencies = (
				0B4EB8A01C07954E0086BDD9 /* PBXTargetDependency */,
			);
			name = "ugly tests";
			productName = "ugly tests";
			productReference = 0B4EB8981C07954E0086BDD9 /* ugly tests.xctest */;
			productType = "com.apple.product-type.bundle.unit-test";
		};
		0BDEB5021C290195003C4442 /* ugly-ext */ = {
			isa = PBXNativeTarget;
			buildConfigurationList = 0BDEB5041C290195003C4442 /* Build configuration list for PBXNativeTarget "ugly-ext" */;
			buildPhases = (
				0BDEB4FF1C290195003C4442 /* Sources */,
				0BDEB5001C290195003C4442 /* Frameworks */,
				0BDEB5011C290195003C4442 /* Headers */,
			);
			buildRules = (
			);
			dependencies = (
			);
			name = "ugly-ext";
			productName = "ugly-ext";
			productReference = 0BDEB5031C290195003C4442 /* libugly-ext.dylib */;
			productType = "com.apple.product-type.library.dynamic";
		};
/* End PBXNativeTarget section */

/* Begin PBXProject section */
		0B4EB7E71C07887B0086BDD9 /* Project object */ = {
			isa = PBXProject;
			attributes = {
				LastUpgradeCheck = 0630;
				TargetAttributes = {
					0B4EB8461C0789C30086BDD9 = {
						CreatedOnToolsVersion = 6.3;
					};
					0B4EB8591C078CD10086BDD9 = {
						CreatedOnToolsVersion = 6.3;
					};
					0B4EB8971C07954E0086BDD9 = {
						CreatedOnToolsVersion = 6.3;
					};
					0BDEB5021C290195003C4442 = {
						CreatedOnToolsVersion = 6.3;
					};
				};
			};
			buildConfigurationList = 0B4EB7EA1C07887B0086BDD9 /* Build configuration list for PBXProject "libugly" */;
			compatibilityVersion = "Xcode 3.2";
			developmentRegion = English;
			hasScannedForEncodings = 0;
			knownRegions = (
				en,
			);
			mainGroup = 0B4EB7E61C07887B0086BDD9;
			productRefGroup = 0B4EB83C1C07895F0086BDD9 /* Products */;
			projectDirPath = "";
			projectReferences = (
				{
					ProductGroup = 0B4EB8A61C079B4C0086BDD9 /* Products */;
					ProjectRef = 0B4EB8A51C079B4C0086BDD9 /* libugly.xcodeproj */;
				},
			);
			projectRoot = "";
			targets = (
				0B4EB8461C0789C30086BDD9 /* demo */,
				0B4EB8591C078CD10086BDD9 /* ugly */,
				0B4EB8971C07954E0086BDD9 /* ugly tests */,
				0BDEB5021C290195003C4442 /* ugly-ext */,
			);
		};
/* End PBXProject section */

/* Begin PBXResourcesBuildPhase section */
		0B4EB8961C07954E0086BDD9 /* Resources */ = {
			isa = PBXResourcesBuildPhase;
			buildActionMask = 2147483647;
			files = (
			);
			runOnlyForDeploymentPostprocessing = 0;
		};
/* End PBXResourcesBuildPhase section */

/* Begin PBXSourcesBuildPhase section */
		0B4EB8431C0789C30086BDD9 /* Sources */ = {
			isa = PBXSourcesBuildPhase;
			buildActionMask = 2147483647;
			files = (
				0B4EB8851C0791110086BDD9 /* glfw_app.cpp in Sources */,
				0B4EB8AD1C07B0620086BDD9 /* demo.cpp in Sources */,
			);
			runOnlyForDeploymentPostprocessing = 0;
		};
		0B4EB8561C078CD10086BDD9 /* Sources */ = {
			isa = PBXSourcesBuildPhase;
			buildActionMask = 2147483647;
			files = (
				0BDEB4FB1C28EA65003C4442 /* bindguard.cpp in Sources */,
				0B4EB85E1C078DAB0086BDD9 /* buffer.cpp in Sources */,
				0B4EB85F1C078DAB0086BDD9 /* context.cpp in Sources */,
				0B4EB8601C078DAB0086BDD9 /* enum.cpp in Sources */,
				0B4EB8611C078DAB0086BDD9 /* framebuffer.cpp in Sources */,
				0B4EB8621C078DAB0086BDD9 /* generated_object.cpp in Sources */,
				0B4EB8631C078DAB0086BDD9 /* pipeline.cpp in Sources */,
				0B4EB8641C078DAB0086BDD9 /* program.cpp in Sources */,
				0B4EB8651C078DAB0086BDD9 /* query.cpp in Sources */,
				0B4EB8661C078DAB0086BDD9 /* renderbuffer.cpp in Sources */,
				0B4EB8671C078DAB0086BDD9 /* sampler.cpp in Sources */,
				0B4EB8681C078DAB0086BDD9 /* shader.cpp in Sources */,
				0B4EB8691C078DAB0086BDD9 /* texture.cpp in Sources */,
				0B4EB86A1C078DAB0086BDD9 /* transform_feedback.cpp in Sources */,
				0B4EB86B1C078DAB0086BDD9 /* uniform.cpp in Sources */,
				0BA992041C114018007F55BE /* texture_unit.cpp in Sources */,
				0B4EB86C1C078DAB0086BDD9 /* vertex_array.cpp in Sources */,
				0B4EB86D1C078DAB0086BDD9 /* viewport.cpp in Sources */,
			);
			runOnlyForDeploymentPostprocessing = 0;
		};
		0B4EB8941C07954E0086BDD9 /* Sources */ = {
			isa = PBXSourcesBuildPhase;
			buildActionMask = 2147483647;
			files = (
				0B4EB8A41C079B1E0086BDD9 /* glfw_app.cpp in Sources */,
				0B4EB89D1C07954E0086BDD9 /* ugly_tests.mm in Sources */,
			);
			runOnlyForDeploymentPostprocessing = 0;
		};
		0BDEB4FF1C290195003C4442 /* Sources */ = {
			isa = PBXSourcesBuildPhase;
			buildActionMask = 2147483647;
			files = (
				0BDEB50A1C29100B003C4442 /* image.cpp in Sources */,
			);
			runOnlyForDeploymentPostprocessing = 0;
		};
/* End PBXSourcesBuildPhase section */

/* Begin PBXTargetDependency section */
		0B4EB8921C07938A0086BDD9 /* PBXTargetDependency */ = {
			isa = PBXTargetDependency;
			target = 0B4EB8591C078CD10086BDD9 /* ugly */;
			targetProxy = 0B4EB8911C07938A0086BDD9 /* PBXContainerItemProxy */;
		};
		0B4EB8A01C07954E0086BDD9 /* PBXTargetDependency */ = {
			isa = PBXTargetDependency;
			target = 0B4EB8591C078CD10086BDD9 /* ugly */;
			targetProxy = 0B4EB89F1C07954E0086BDD9 /* PBXContainerItemProxy */;
		};
		0BDEB5111C293F50003C4442 /* PBXTargetDependency */ = {
			isa = PBXTargetDependency;
			target = 0BDEB5021C290195003C4442 /* ugly-ext */;
			targetProxy = 0BDEB5101C293F50003C4442 /* PBXContainerItemProxy */;
		};
/* End PBXTargetDependency section */

/* Begin XCBuildConfiguration section */
		0B4EB7EB1C07887B0086BDD9 /* Debug */ = {
			isa = XCBuildConfiguration;
			buildSettings = {
			};
			name = Debug;
		};
		0B4EB7EC1C07887B0086BDD9 /* Release */ = {
			isa = XCBuildConfiguration;
			buildSettings = {
			};
			name = Release;
		};
		0B4EB84C1C0789C30086BDD9 /* Debug */ = {
			isa = XCBuildConfiguration;
			buildSettings = {
				ALWAYS_SEARCH_USER_PATHS = NO;
				CLANG_CXX_LANGUAGE_STANDARD = "c++14";
				CLANG_CXX_LIBRARY = "libc++";
				CLANG_ENABLE_MODULES = YES;
				CLANG_ENABLE_OBJC_ARC = YES;
				CLANG_WARN_BOOL_CONVERSION = YES;
				CLANG_WARN_CONSTANT_CONVERSION = YES;
				CLANG_WARN_DIRECT_OBJC_ISA_USAGE = YES_ERROR;
				CLANG_WARN_EMPTY_BODY = YES;
				CLANG_WARN_ENUM_CONVERSION = YES;
				CLANG_WARN_INT_CONVERSION = YES;
				CLANG_WARN_OBJC_ROOT_CLASS = YES_ERROR;
				CLANG_WARN_UNREACHABLE_CODE = YES;
				CLANG_WARN__DUPLICATE_METHOD_MATCH = YES;
				COPY_PHASE_STRIP = NO;
				DEBUG_INFORMATION_FORMAT = dwarf;
				ENABLE_STRICT_OBJC_MSGSEND = YES;
				GCC_C_LANGUAGE_STANDARD = gnu99;
				GCC_DYNAMIC_NO_PIC = NO;
				GCC_ENABLE_CPP_RTTI = YES;
				GCC_NO_COMMON_BLOCKS = YES;
				GCC_OPTIMIZATION_LEVEL = 0;
				GCC_PREPROCESSOR_DEFINITIONS = (
					"DEBUG=1",
					"$(inherited)",
				);
				GCC_SYMBOLS_PRIVATE_EXTERN = NO;
				GCC_WARN_64_TO_32_BIT_CONVERSION = YES;
				GCC_WARN_ABOUT_RETURN_TYPE = YES_ERROR;
				GCC_WARN_UNDECLARED_SELECTOR = YES;
				GCC_WARN_UNINITIALIZED_AUTOS = YES_AGGRESSIVE;
				GCC_WARN_UNUSED_FUNCTION = YES;
				GCC_WARN_UNUSED_VARIABLE = YES;
				HEADER_SEARCH_PATHS = (
					"$(inherited)",
					/Applications/Xcode.app/Contents/Developer/Toolchains/XcodeDefault.xctoolchain/usr/include,
					/opt/local/include,
					/System/Library/Frameworks/OpenGL.framework/Headers,
				);
				LIBRARY_SEARCH_PATHS = (
					"$(inherited)",
					/opt/local/lib,
				);
				MACOSX_DEPLOYMENT_TARGET = 10.10;
				MTL_ENABLE_DEBUG_INFO = YES;
				ONLY_ACTIVE_ARCH = YES;
				PRODUCT_NAME = "$(TARGET_NAME)";
				SDKROOT = macosx;
				USER_HEADER_SEARCH_PATHS = "test include ext/include";
			};
			name = Debug;
		};
		0B4EB84D1C0789C30086BDD9 /* Release */ = {
			isa = XCBuildConfiguration;
			buildSettings = {
				ALWAYS_SEARCH_USER_PATHS = NO;
				CLANG_CXX_LANGUAGE_STANDARD = "c++14";
				CLANG_CXX_LIBRARY = "libc++";
				CLANG_ENABLE_MODULES = YES;
				CLANG_ENABLE_OBJC_ARC = YES;
				CLANG_WARN_BOOL_CONVERSION = YES;
				CLANG_WARN_CONSTANT_CONVERSION = YES;
				CLANG_WARN_DIRECT_OBJC_ISA_USAGE = YES_ERROR;
				CLANG_WARN_EMPTY_BODY = YES;
				CLANG_WARN_ENUM_CONVERSION = YES;
				CLANG_WARN_INT_CONVERSION = YES;
				CLANG_WARN_OBJC_ROOT_CLASS = YES_ERROR;
				CLANG_WARN_UNREACHABLE_CODE = YES;
				CLANG_WARN__DUPLICATE_METHOD_MATCH = YES;
				COPY_PHASE_STRIP = NO;
				DEBUG_INFORMATION_FORMAT = "dwarf-with-dsym";
				ENABLE_NS_ASSERTIONS = NO;
				ENABLE_STRICT_OBJC_MSGSEND = YES;
				GCC_C_LANGUAGE_STANDARD = gnu99;
				GCC_ENABLE_CPP_RTTI = YES;
				GCC_NO_COMMON_BLOCKS = YES;
				GCC_WARN_64_TO_32_BIT_CONVERSION = YES;
				GCC_WARN_ABOUT_RETURN_TYPE = YES_ERROR;
				GCC_WARN_UNDECLARED_SELECTOR = YES;
				GCC_WARN_UNINITIALIZED_AUTOS = YES_AGGRESSIVE;
				GCC_WARN_UNUSED_FUNCTION = YES;
				GCC_WARN_UNUSED_VARIABLE = YES;
				HEADER_SEARCH_PATHS = (
					"$(inherited)",
					/Applications/Xcode.app/Contents/Developer/Toolchains/XcodeDefault.xctoolchain/usr/include,
					/opt/local/include,
					/System/Library/Frameworks/OpenGL.framework/Headers,
				);
				LIBRARY_SEARCH_PATHS = (
					"$(inherited)",
					/opt/local/lib,
				);
				MACOSX_DEPLOYMENT_TARGET = 10.10;
				MTL_ENABLE_DEBUG_INFO = NO;
				PRODUCT_NAME = "$(TARGET_NAME)";
				SDKROOT = macosx;
				USER_HEADER_SEARCH_PATHS = "test include ext/include";
			};
			name = Release;
		};
		0B4EB85C1C078CD10086BDD9 /* Debug */ = {
			isa = XCBuildConfiguration;
			buildSettings = {
				ALWAYS_SEARCH_USER_PATHS = NO;
				CLANG_CXX_LANGUAGE_STANDARD = "c++14";
				CLANG_CXX_LIBRARY = "libc++";
				CLANG_ENABLE_MODULES = NO;
				CLANG_ENABLE_OBJC_ARC = YES;
				CLANG_WARN_BOOL_CONVERSION = YES;
				CLANG_WARN_CONSTANT_CONVERSION = YES;
				CLANG_WARN_DIRECT_OBJC_ISA_USAGE = YES_ERROR;
				CLANG_WARN_EMPTY_BODY = YES;
				CLANG_WARN_ENUM_CONVERSION = YES;
				CLANG_WARN_INT_CONVERSION = YES;
				CLANG_WARN_OBJC_ROOT_CLASS = YES_ERROR;
				CLANG_WARN_UNREACHABLE_CODE = YES;
				CLANG_WARN__DUPLICATE_METHOD_MATCH = YES;
				COPY_PHASE_STRIP = NO;
				DEBUG_INFORMATION_FORMAT = dwarf;
				DYLIB_COMPATIBILITY_VERSION = 1;
				DYLIB_CURRENT_VERSION = 1;
				ENABLE_STRICT_OBJC_MSGSEND = YES;
				EXECUTABLE_PREFIX = lib;
				GCC_C_LANGUAGE_STANDARD = "compiler-default";
				GCC_DYNAMIC_NO_PIC = NO;
				GCC_ENABLE_BUILTIN_FUNCTIONS = NO;
				GCC_ENABLE_CPP_RTTI = NO;
				GCC_NO_COMMON_BLOCKS = YES;
				GCC_OPTIMIZATION_LEVEL = 3;
				GCC_PREPROCESSOR_DEFINITIONS = (
					"DEBUG=1",
					"$(inherited)",
				);
				GCC_SYMBOLS_PRIVATE_EXTERN = NO;
				GCC_TREAT_WARNINGS_AS_ERRORS = YES;
				GCC_WARN_64_TO_32_BIT_CONVERSION = YES;
				GCC_WARN_ABOUT_RETURN_TYPE = YES_ERROR;
				GCC_WARN_PEDANTIC = YES;
				GCC_WARN_UNDECLARED_SELECTOR = YES;
				GCC_WARN_UNINITIALIZED_AUTOS = YES_AGGRESSIVE;
				GCC_WARN_UNUSED_FUNCTION = YES;
				GCC_WARN_UNUSED_VARIABLE = YES;
				HEADER_SEARCH_PATHS = (
					"$(inherited)",
					/Applications/Xcode.app/Contents/Developer/Toolchains/XcodeDefault.xctoolchain/usr/include,
					/System/Library/Frameworks/OpenGL.framework/Headers,
				);
				MACOSX_DEPLOYMENT_TARGET = 10.10;
				MTL_ENABLE_DEBUG_INFO = YES;
				ONLY_ACTIVE_ARCH = YES;
				OTHER_CPLUSPLUSFLAGS = (
					"$(OTHER_CFLAGS)",
					"-Wno-unknown-pragmas",
				);
				PRODUCT_NAME = "$(TARGET_NAME)";
				SDKROOT = macosx;
				USER_HEADER_SEARCH_PATHS = include;
			};
			name = Debug;
		};
		0B4EB85D1C078CD10086BDD9 /* Release */ = {
			isa = XCBuildConfiguration;
			buildSettings = {
				ALWAYS_SEARCH_USER_PATHS = NO;
				CLANG_CXX_LANGUAGE_STANDARD = "c++14";
				CLANG_CXX_LIBRARY = "libc++";
				CLANG_ENABLE_MODULES = NO;
				CLANG_ENABLE_OBJC_ARC = YES;
				CLANG_WARN_BOOL_CONVERSION = YES;
				CLANG_WARN_CONSTANT_CONVERSION = YES;
				CLANG_WARN_DIRECT_OBJC_ISA_USAGE = YES_ERROR;
				CLANG_WARN_EMPTY_BODY = YES;
				CLANG_WARN_ENUM_CONVERSION = YES;
				CLANG_WARN_INT_CONVERSION = YES;
				CLANG_WARN_OBJC_ROOT_CLASS = YES_ERROR;
				CLANG_WARN_UNREACHABLE_CODE = YES;
				CLANG_WARN__DUPLICATE_METHOD_MATCH = YES;
				COPY_PHASE_STRIP = NO;
				DEBUG_INFORMATION_FORMAT = "dwarf-with-dsym";
				DYLIB_COMPATIBILITY_VERSION = 1;
				DYLIB_CURRENT_VERSION = 1;
				ENABLE_NS_ASSERTIONS = NO;
				ENABLE_STRICT_OBJC_MSGSEND = YES;
				EXECUTABLE_PREFIX = lib;
				GCC_C_LANGUAGE_STANDARD = "compiler-default";
				GCC_ENABLE_BUILTIN_FUNCTIONS = NO;
				GCC_ENABLE_CPP_RTTI = NO;
				GCC_NO_COMMON_BLOCKS = YES;
				GCC_OPTIMIZATION_LEVEL = 3;
				GCC_TREAT_WARNINGS_AS_ERRORS = YES;
				GCC_WARN_64_TO_32_BIT_CONVERSION = YES;
				GCC_WARN_ABOUT_RETURN_TYPE = YES_ERROR;
				GCC_WARN_PEDANTIC = YES;
				GCC_WARN_UNDECLARED_SELECTOR = YES;
				GCC_WARN_UNINITIALIZED_AUTOS = YES_AGGRESSIVE;
				GCC_WARN_UNUSED_FUNCTION = YES;
				GCC_WARN_UNUSED_VARIABLE = YES;
				HEADER_SEARCH_PATHS = (
					"$(inherited)",
					/Applications/Xcode.app/Contents/Developer/Toolchains/XcodeDefault.xctoolchain/usr/include,
					/System/Library/Frameworks/OpenGL.framework/Headers,
				);
				MACOSX_DEPLOYMENT_TARGET = 10.10;
				MTL_ENABLE_DEBUG_INFO = NO;
				OTHER_CPLUSPLUSFLAGS = (
					"$(OTHER_CFLAGS)",
					"-Wno-unknown-pragmas",
				);
				PRODUCT_NAME = "$(TARGET_NAME)";
				SDKROOT = macosx;
				USER_HEADER_SEARCH_PATHS = include;
			};
			name = Release;
		};
		0B4EB8A21C07954E0086BDD9 /* Debug */ = {
			isa = XCBuildConfiguration;
			buildSettings = {
				ALWAYS_SEARCH_USER_PATHS = NO;
				CLANG_CXX_LANGUAGE_STANDARD = "gnu++0x";
				CLANG_CXX_LIBRARY = "libc++";
				CLANG_ENABLE_MODULES = YES;
				CLANG_ENABLE_OBJC_ARC = YES;
				CLANG_WARN_BOOL_CONVERSION = YES;
				CLANG_WARN_CONSTANT_CONVERSION = YES;
				CLANG_WARN_DIRECT_OBJC_ISA_USAGE = YES_ERROR;
				CLANG_WARN_EMPTY_BODY = YES;
				CLANG_WARN_ENUM_CONVERSION = YES;
				CLANG_WARN_INT_CONVERSION = YES;
				CLANG_WARN_OBJC_ROOT_CLASS = YES_ERROR;
				CLANG_WARN_UNREACHABLE_CODE = YES;
				CLANG_WARN__DUPLICATE_METHOD_MATCH = YES;
				COMBINE_HIDPI_IMAGES = YES;
				COPY_PHASE_STRIP = NO;
				DEBUG_INFORMATION_FORMAT = dwarf;
				ENABLE_STRICT_OBJC_MSGSEND = YES;
				FRAMEWORK_SEARCH_PATHS = (
					"$(DEVELOPER_FRAMEWORKS_DIR)",
					"$(inherited)",
				);
				GCC_C_LANGUAGE_STANDARD = gnu99;
				GCC_DYNAMIC_NO_PIC = NO;
				GCC_NO_COMMON_BLOCKS = YES;
				GCC_OPTIMIZATION_LEVEL = 0;
				GCC_PREPROCESSOR_DEFINITIONS = (
					"DEBUG=1",
					"$(inherited)",
				);
				GCC_SYMBOLS_PRIVATE_EXTERN = NO;
				GCC_WARN_64_TO_32_BIT_CONVERSION = YES;
				GCC_WARN_ABOUT_RETURN_TYPE = YES_ERROR;
				GCC_WARN_UNDECLARED_SELECTOR = YES;
				GCC_WARN_UNINITIALIZED_AUTOS = YES_AGGRESSIVE;
				GCC_WARN_UNUSED_FUNCTION = YES;
				GCC_WARN_UNUSED_VARIABLE = YES;
				HEADER_SEARCH_PATHS = (
					"$(inherited)",
					/Applications/Xcode.app/Contents/Developer/Toolchains/XcodeDefault.xctoolchain/usr/include,
					/System/Library/Frameworks/OpenGL.framework/Headers,
				);
				INFOPLIST_FILE = "ugly tests/Info.plist";
				LD_RUNPATH_SEARCH_PATHS = "$(inherited) @executable_path/../Frameworks @loader_path/../Frameworks";
				LIBRARY_SEARCH_PATHS = (
					"$(inherited)",
					/opt/local/lib,
				);
				MACOSX_DEPLOYMENT_TARGET = 10.10;
				MTL_ENABLE_DEBUG_INFO = YES;
				ONLY_ACTIVE_ARCH = YES;
				PRODUCT_NAME = "$(TARGET_NAME)";
				SDKROOT = macosx;
				USER_HEADER_SEARCH_PATHS = "test include /opt/local/include";
			};
			name = Debug;
		};
		0B4EB8A31C07954E0086BDD9 /* Release */ = {
			isa = XCBuildConfiguration;
			buildSettings = {
				ALWAYS_SEARCH_USER_PATHS = NO;
				CLANG_CXX_LANGUAGE_STANDARD = "gnu++0x";
				CLANG_CXX_LIBRARY = "libc++";
				CLANG_ENABLE_MODULES = YES;
				CLANG_ENABLE_OBJC_ARC = YES;
				CLANG_WARN_BOOL_CONVERSION = YES;
				CLANG_WARN_CONSTANT_CONVERSION = YES;
				CLANG_WARN_DIRECT_OBJC_ISA_USAGE = YES_ERROR;
				CLANG_WARN_EMPTY_BODY = YES;
				CLANG_WARN_ENUM_CONVERSION = YES;
				CLANG_WARN_INT_CONVERSION = YES;
				CLANG_WARN_OBJC_ROOT_CLASS = YES_ERROR;
				CLANG_WARN_UNREACHABLE_CODE = YES;
				CLANG_WARN__DUPLICATE_METHOD_MATCH = YES;
				COMBINE_HIDPI_IMAGES = YES;
				COPY_PHASE_STRIP = NO;
				DEBUG_INFORMATION_FORMAT = "dwarf-with-dsym";
				ENABLE_NS_ASSERTIONS = NO;
				ENABLE_STRICT_OBJC_MSGSEND = YES;
				FRAMEWORK_SEARCH_PATHS = (
					"$(DEVELOPER_FRAMEWORKS_DIR)",
					"$(inherited)",
				);
				GCC_C_LANGUAGE_STANDARD = gnu99;
				GCC_NO_COMMON_BLOCKS = YES;
				GCC_WARN_64_TO_32_BIT_CONVERSION = YES;
				GCC_WARN_ABOUT_RETURN_TYPE = YES_ERROR;
				GCC_WARN_UNDECLARED_SELECTOR = YES;
				GCC_WARN_UNINITIALIZED_AUTOS = YES_AGGRESSIVE;
				GCC_WARN_UNUSED_FUNCTION = YES;
				GCC_WARN_UNUSED_VARIABLE = YES;
				HEADER_SEARCH_PATHS = (
					"$(inherited)",
					/Applications/Xcode.app/Contents/Developer/Toolchains/XcodeDefault.xctoolchain/usr/include,
					/System/Library/Frameworks/OpenGL.framework/Headers,
				);
				INFOPLIST_FILE = "ugly tests/Info.plist";
				LD_RUNPATH_SEARCH_PATHS = "$(inherited) @executable_path/../Frameworks @loader_path/../Frameworks";
				LIBRARY_SEARCH_PATHS = (
					"$(inherited)",
					/opt/local/lib,
				);
				MACOSX_DEPLOYMENT_TARGET = 10.10;
				MTL_ENABLE_DEBUG_INFO = NO;
				PRODUCT_NAME = "$(TARGET_NAME)";
				SDKROOT = macosx;
				USER_HEADER_SEARCH_PATHS = "test include /opt/local/include";
			};
			name = Release;
		};
		0BDEB5051C290195003C4442 /* Debug */ = {
			isa = XCBuildConfiguration;
			buildSettings = {
				ALWAYS_SEARCH_USER_PATHS = NO;
				CLANG_CXX_LANGUAGE_STANDARD = "c++14";
				CLANG_CXX_LIBRARY = "libc++";
				CLANG_ENABLE_MODULES = NO;
				CLANG_ENABLE_OBJC_ARC = YES;
				CLANG_WARN_BOOL_CONVERSION = YES;
				CLANG_WARN_CONSTANT_CONVERSION = YES;
				CLANG_WARN_DIRECT_OBJC_ISA_USAGE = YES_ERROR;
				CLANG_WARN_EMPTY_BODY = YES;
				CLANG_WARN_ENUM_CONVERSION = YES;
				CLANG_WARN_INT_CONVERSION = YES;
				CLANG_WARN_OBJC_ROOT_CLASS = YES_ERROR;
				CLANG_WARN_UNREACHABLE_CODE = YES;
				CLANG_WARN__DUPLICATE_METHOD_MATCH = YES;
				COPY_PHASE_STRIP = NO;
				DEBUG_INFORMATION_FORMAT = dwarf;
				DYLIB_COMPATIBILITY_VERSION = 1;
				DYLIB_CURRENT_VERSION = 1;
				ENABLE_STRICT_OBJC_MSGSEND = YES;
				EXECUTABLE_PREFIX = lib;
				GCC_C_LANGUAGE_STANDARD = "compiler-default";
				GCC_DYNAMIC_NO_PIC = NO;
				GCC_ENABLE_CPP_RTTI = NO;
				GCC_NO_COMMON_BLOCKS = YES;
				GCC_OPTIMIZATION_LEVEL = 3;
				GCC_PREPROCESSOR_DEFINITIONS = (
					"DEBUG=1",
					"$(inherited)",
				);
				GCC_SYMBOLS_PRIVATE_EXTERN = NO;
				GCC_WARN_64_TO_32_BIT_CONVERSION = YES;
				GCC_WARN_ABOUT_RETURN_TYPE = YES_ERROR;
				GCC_WARN_UNDECLARED_SELECTOR = YES;
				GCC_WARN_UNINITIALIZED_AUTOS = YES_AGGRESSIVE;
				GCC_WARN_UNUSED_FUNCTION = YES;
				GCC_WARN_UNUSED_VARIABLE = YES;
				HEADER_SEARCH_PATHS = (
					"$(inherited)",
					/Applications/Xcode.app/Contents/Developer/Toolchains/XcodeDefault.xctoolchain/usr/include,
					/System/Library/Frameworks/OpenGL.framework/Headers,
				);
				LIBRARY_SEARCH_PATHS = /usr/local/lib;
				MACOSX_DEPLOYMENT_TARGET = 10.10;
				MTL_ENABLE_DEBUG_INFO = YES;
				ONLY_ACTIVE_ARCH = YES;
				PRODUCT_NAME = "$(TARGET_NAME)";
				SDKROOT = macosx;
				USER_HEADER_SEARCH_PATHS = "ext/include include /usr/local/include/";
			};
			name = Debug;
		};
		0BDEB5061C290195003C4442 /* Release */ = {
			isa = XCBuildConfiguration;
			buildSettings = {
				ALWAYS_SEARCH_USER_PATHS = NO;
				CLANG_CXX_LANGUAGE_STANDARD = "c++14";
				CLANG_CXX_LIBRARY = "libc++";
				CLANG_ENABLE_MODULES = NO;
				CLANG_ENABLE_OBJC_ARC = YES;
				CLANG_WARN_BOOL_CONVERSION = YES;
				CLANG_WARN_CONSTANT_CONVERSION = YES;
				CLANG_WARN_DIRECT_OBJC_ISA_USAGE = YES_ERROR;
				CLANG_WARN_EMPTY_BODY = YES;
				CLANG_WARN_ENUM_CONVERSION = YES;
				CLANG_WARN_INT_CONVERSION = YES;
				CLANG_WARN_OBJC_ROOT_CLASS = YES_ERROR;
				CLANG_WARN_UNREACHABLE_CODE = YES;
				CLANG_WARN__DUPLICATE_METHOD_MATCH = YES;
				COPY_PHASE_STRIP = NO;
				DEBUG_INFORMATION_FORMAT = "dwarf-with-dsym";
				DYLIB_COMPATIBILITY_VERSION = 1;
				DYLIB_CURRENT_VERSION = 1;
				ENABLE_NS_ASSERTIONS = NO;
				ENABLE_STRICT_OBJC_MSGSEND = YES;
				EXECUTABLE_PREFIX = lib;
				GCC_C_LANGUAGE_STANDARD = "compiler-default";
				GCC_ENABLE_CPP_RTTI = NO;
				GCC_NO_COMMON_BLOCKS = YES;
				GCC_OPTIMIZATION_LEVEL = 3;
				GCC_WARN_64_TO_32_BIT_CONVERSION = YES;
				GCC_WARN_ABOUT_RETURN_TYPE = YES_ERROR;
				GCC_WARN_UNDECLARED_SELECTOR = YES;
				GCC_WARN_UNINITIALIZED_AUTOS = YES_AGGRESSIVE;
				GCC_WARN_UNUSED_FUNCTION = YES;
				GCC_WARN_UNUSED_VARIABLE = YES;
				HEADER_SEARCH_PATHS = (
					"$(inherited)",
					/Applications/Xcode.app/Contents/Developer/Toolchains/XcodeDefault.xctoolchain/usr/include,
					/System/Library/Frameworks/OpenGL.framework/Headers,
				);
				LIBRARY_SEARCH_PATHS = /usr/local/lib;
				MACOSX_DEPLOYMENT_TARGET = 10.10;
				MTL_ENABLE_DEBUG_INFO = NO;
				PRODUCT_NAME = "$(TARGET_NAME)";
				SDKROOT = macosx;
				USER_HEADER_SEARCH_PATHS = "ext/include include /usr/local/include/";
			};
			name = Release;
		};
/* End XCBuildConfiguration section */

/* Begin XCConfigurationList section */
		0B4EB7EA1C07887B0086BDD9 /* Build configuration list for PBXProject "libugly" */ = {
			isa = XCConfigurationList;
			buildConfigurations = (
				0B4EB7EB1C07887B0086BDD9 /* Debug */,
				0B4EB7EC1C07887B0086BDD9 /* Release */,
			);
			defaultConfigurationIsVisible = 0;
			defaultConfigurationName = Release;
		};
		0B4EB84B1C0789C30086BDD9 /* Build configuration list for PBXNativeTarget "demo" */ = {
			isa = XCConfigurationList;
			buildConfigurations = (
				0B4EB84C1C0789C30086BDD9 /* Debug */,
				0B4EB84D1C0789C30086BDD9 /* Release */,
			);
			defaultConfigurationIsVisible = 0;
			defaultConfigurationName = Release;
		};
		0B4EB85B1C078CD10086BDD9 /* Build configuration list for PBXNativeTarget "ugly" */ = {
			isa = XCConfigurationList;
			buildConfigurations = (
				0B4EB85C1C078CD10086BDD9 /* Debug */,
				0B4EB85D1C078CD10086BDD9 /* Release */,
			);
			defaultConfigurationIsVisible = 0;
			defaultConfigurationName = Release;
		};
		0B4EB8A11C07954E0086BDD9 /* Build configuration list for PBXNativeTarget "ugly tests" */ = {
			isa = XCConfigurationList;
			buildConfigurations = (
				0B4EB8A21C07954E0086BDD9 /* Debug */,
				0B4EB8A31C07954E0086BDD9 /* Release */,
			);
			defaultConfigurationIsVisible = 0;
			defaultConfigurationName = Release;
		};
		0BDEB5041C290195003C4442 /* Build configuration list for PBXNativeTarget "ugly-ext" */ = {
			isa = XCConfigurationList;
			buildConfigurations = (
				0BDEB5051C290195003C4442 /* Debug */,
				0BDEB5061C290195003C4442 /* Release */,
			);
			defaultConfigurationIsVisible = 0;
			defaultConfigurationName = Release;
		};
/* End XCConfigurationList section */
	};
	rootObject = 0B4EB7E71C07887B0086BDD9 /* Project object */;
}
